
Microsoft Visual Studio Solution File, Format Version 12.00
# Visual Studio Version 16
VisualStudioVersion = 16.0.31702.278
MinimumVisualStudioVersion = 10.0.40219.1
Project("{9A19103F-16F7-4668-BE54-9A1E7A4F7556}") = "RefApp.API", "RefApp.API\RefApp.API.csproj", "{24CF53E6-9FFB-44BA-AEF1-92FFDA51E331}"
EndProject
Project("{9A19103F-16F7-4668-BE54-9A1E7A4F7556}") = "RefApp.Client", "RefApp.Client\RefApp.Client.csproj", "{481B0C60-0DE5-4DEF-89B8-1DC6F38D4ECF}"
EndProject
Global
	GlobalSection(SolutionConfigurationPlatforms) = preSolution
		Debug|Any CPU = Debug|Any CPU
		Release|Any CPU = Release|Any CPU
	EndGlobalSection
	GlobalSection(ProjectConfigurationPlatforms) = postSolution
		{24CF53E6-9FFB-44BA-AEF1-92FFDA51E331}.Debug|Any CPU.ActiveCfg = Debug|Any CPU
		{24CF53E6-9FFB-44BA-AEF1-92FFDA51E331}.Debug|Any CPU.Build.0 = Debug|Any CPU
		{24CF53E6-9FFB-44BA-AEF1-92FFDA51E331}.Release|Any CPU.ActiveCfg = Release|Any CPU
		{24CF53E6-9FFB-44BA-AEF1-92FFDA51E331}.Release|Any CPU.Build.0 = Release|Any CPU
		{481B0C60-0DE5-4DEF-89B8-1DC6F38D4ECF}.Debug|Any CPU.ActiveCfg = Debug|Any CPU
		{481B0C60-0DE5-4DEF-89B8-1DC6F38D4ECF}.Debug|Any CPU.Build.0 = Debug|Any CPU
		{481B0C60-0DE5-4DEF-89B8-1DC6F38D4ECF}.Release|Any CPU.ActiveCfg = Release|Any CPU
		{481B0C60-0DE5-4DEF-89B8-1DC6F38D4ECF}.Release|Any CPU.Build.0 = Release|Any CPU
	EndGlobalSection
	GlobalSection(SolutionProperties) = preSolution
		HideSolutionNode = FALSE
	EndGlobalSection
	GlobalSection(ExtensibilityGlobals) = postSolution
		SolutionGuid = {D3553C4C-7585-4BF5-B20D-1C72241C5436}
	EndGlobalSection
EndGlobal
